
Microsoft Visual Studio Solution File, Format Version 12.00
# Visual Studio Version 16
VisualStudioVersion = 16.0.34601.136
MinimumVisualStudioVersion = 10.0.40219.1
Project("{FAE04EC0-301F-11D3-BF4B-00C04F79EFBC}") = "EmailClient", "EmailClient.csproj", "{0E9CFE01-96EF-48B4-9B03-76207B9EA160}"
EndProject
Global
	GlobalSection(SolutionConfigurationPlatforms) = preSolution
		Debug|Any CPU = Debug|Any CPU
		Release|Any CPU = Release|Any CPU
	EndGlobalSection
	GlobalSection(ProjectConfigurationPlatforms) = postSolution
		{0E9CFE01-96EF-48B4-9B03-76207B9EA160}.Debug|Any CPU.ActiveCfg = Debug|Any CPU
		{0E9CFE01-96EF-48B4-9B03-76207B9EA160}.Debug|Any CPU.Build.0 = Debug|Any CPU
		{0E9CFE01-96EF-48B4-9B03-76207B9EA160}.Release|Any CPU.ActiveCfg = Release|Any CPU
		{0E9CFE01-96EF-48B4-9B03-76207B9EA160}.Release|Any CPU.Build.0 = Release|Any CPU
	EndGlobalSection
	GlobalSection(SolutionProperties) = preSolution
		HideSolutionNode = FALSE
	EndGlobalSection
	GlobalSection(ExtensibilityGlobals) = postSolution
		SolutionGuid = {83798A98-8CE3-4CA2-98FF-2548AD7AFFFF}
	EndGlobalSection
EndGlobal
